{
  "name": "ya-i18next-webpack-plugin",
  "version": "0.2.1",
  "lockfileVersion": 1,
  "requires": true,
  "dependencies": {
    "@types/i18next": {
      "version": "https://registry.npmjs.org/@types/i18next/-/i18next-8.4.2.tgz",
      "integrity": "sha1-n4CcSp02h/dkMlTN6FsRJ9thYYA=",
      "dev": true
    },
    "@types/i18next-node-fs-backend": {
      "version": "https://registry.npmjs.org/@types/i18next-node-fs-backend/-/i18next-node-fs-backend-0.0.29.tgz",
      "integrity": "sha1-YzKANL5cl5dlEq47x4V/v3fV85M=",
      "dev": true,
      "requires": {
        "@types/i18next": "https://registry.npmjs.org/@types/i18next/-/i18next-2.3.40.tgz"
      },
      "dependencies": {
        "@types/i18next": {
          "version": "https://registry.npmjs.org/@types/i18next/-/i18next-2.3.40.tgz",
          "integrity": "sha1-wE1GyXsamb0QubukHg1LtTAwhK8=",
          "dev": true
        }
      }
    },
    "@types/lodash": {
      "version": "https://registry.npmjs.org/@types/lodash/-/lodash-4.14.74.tgz",
      "integrity": "sha1-rDvY25iOf3A45dIr12p7oT+HYWg=",
      "dev": true
    },
    "@types/node": {
      "version": "https://registry.npmjs.org/@types/node/-/node-8.0.26.tgz",
      "integrity": "sha1-TVi+klMG/SKxFBCFU1oCaLi+sYk=",
      "dev": true
    },
    "@types/source-map": {
      "version": "https://registry.npmjs.org/@types/source-map/-/source-map-0.5.1.tgz",
      "integrity": "sha1-fnTbXQarNzpxI1buv66i+tDqI2c=",
      "dev": true
    },
    "@types/stream-buffers": {
      "version": "3.0.2",
      "resolved": "https://registry.npmjs.org/@types/stream-buffers/-/stream-buffers-3.0.2.tgz",
      "integrity": "sha1-tzv8zq457LJZdQtE7zijbPwg43A=",
      "dev": true,
      "requires": {
        "@types/node": "https://registry.npmjs.org/@types/node/-/node-8.0.26.tgz"
      }
    },
    "@types/tapable": {
      "version": "https://registry.npmjs.org/@types/tapable/-/tapable-0.2.4.tgz",
      "integrity": "sha1-gYGiKNpGGFQ5MA5gDFrjs7OYJYU=",
      "dev": true
    },
    "@types/uglify-js": {
      "version": "https://registry.npmjs.org/@types/uglify-js/-/uglify-js-2.6.29.tgz",
      "integrity": "sha1-UhNH9p4gIB0hj1mRrmbhCHivzxo=",
      "dev": true,
      "requires": {
        "@types/source-map": "https://registry.npmjs.org/@types/source-map/-/source-map-0.5.1.tgz"
      }
    },
    "@types/webpack": {
      "version": "https://registry.npmjs.org/@types/webpack/-/webpack-3.0.10.tgz",
      "integrity": "sha1-HSfbB98yEJ+MiCU1tUeq5CUv1T4=",
      "dev": true,
      "requires": {
        "@types/node": "https://registry.npmjs.org/@types/node/-/node-8.0.26.tgz",
        "@types/tapable": "https://registry.npmjs.org/@types/tapable/-/tapable-0.2.4.tgz",
        "@types/uglify-js": "https://registry.npmjs.org/@types/uglify-js/-/uglify-js-2.6.29.tgz"
      }
    },
    "argparse": {
      "version": "https://registry.npmjs.org/argparse/-/argparse-1.0.9.tgz",
      "integrity": "sha1-c9g7wmP4bpf4zE9rrhsOkKfSLIY=",
      "requires": {
        "sprintf-js": "https://registry.npmjs.org/sprintf-js/-/sprintf-js-1.0.3.tgz"
      }
    },
    "esprima": {
      "version": "https://registry.npmjs.org/esprima/-/esprima-2.7.3.tgz",
      "integrity": "sha1-luO3DVd59q1JzQMmc9HDEnZ7pYE="
    },
    "i18next": {
      "version": "https://registry.npmjs.org/i18next/-/i18next-9.0.0.tgz",
      "integrity": "sha1-qJqwSBtbazlk9VsS8D3pBj2PRQA="
    },
    "i18next-node-fs-backend": {
      "version": "https://registry.npmjs.org/i18next-node-fs-backend/-/i18next-node-fs-backend-1.0.0.tgz",
      "integrity": "sha1-9aYlo7KHwdCYxxcbfdN2uwcpm1k=",
      "requires": {
        "js-yaml": "https://registry.npmjs.org/js-yaml/-/js-yaml-3.5.4.tgz",
        "json5": "https://registry.npmjs.org/json5/-/json5-0.5.0.tgz"
      }
    },
    "js-yaml": {
      "version": "https://registry.npmjs.org/js-yaml/-/js-yaml-3.5.4.tgz",
      "integrity": "sha1-9k8W3NeL65zoNhBo5zPr5HsHkXk=",
      "requires": {
        "argparse": "https://registry.npmjs.org/argparse/-/argparse-1.0.9.tgz",
        "esprima": "https://registry.npmjs.org/esprima/-/esprima-2.7.3.tgz"
      }
    },
    "json5": {
      "version": "https://registry.npmjs.org/json5/-/json5-0.5.0.tgz",
      "integrity": "sha1-myBxWwJsvjd4/Xae3M2CLYMypbI="
    },
    "lodash": {
      "version": "https://registry.npmjs.org/lodash/-/lodash-4.17.4.tgz",
      "integrity": "sha1-eCA6TRwyiuHYbcpkYONptX9AVa4="
    },
    "source-map": {
      "version": "https://registry.npmjs.org/source-map/-/source-map-0.5.7.tgz",
      "integrity": "sha1-igOdLRAh0i0eoUyA2OpGi6LvP8w="
    },
    "sprintf-js": {
      "version": "https://registry.npmjs.org/sprintf-js/-/sprintf-js-1.0.3.tgz",
      "integrity": "sha1-BOaSb2YolTVPPdAVIDYzuFcpfiw="
    },
    "stream-buffers": {
      "version": "3.0.1",
      "resolved": "https://registry.npmjs.org/stream-buffers/-/stream-buffers-3.0.1.tgz",
      "integrity": "sha1-aKOMX6re3tef95mI02jj+xMl7wY="
    },
    "typescript": {
      "version": "https://registry.npmjs.org/typescript/-/typescript-2.4.2.tgz",
      "integrity": "sha1-+DlfhdRZJ2BnyYiqQYN6j4KHCEQ=",
      "dev": true
    },
    "virtual-module-webpack-plugin": {
      "version": "https://registry.npmjs.org/virtual-module-webpack-plugin/-/virtual-module-webpack-plugin-0.3.0.tgz",
      "integrity": "sha1-sglbK4xRSANiqz7CvWE73VB8vUY="
    }
  }
}
